{
	"name": "@volkovasystem/create-node-module",
	"version": "0.0.3",
	"lockfileVersion": 1,
	"requires": true,
	"dependencies": {
		"format-package-json-file": {
			"version": "npm:@volkovasystem/format-package-json-file@0.0.4",
			"resolved": "https://registry.npmjs.org/@volkovasystem/format-package-json-file/-/format-package-json-file-0.0.4.tgz",
			"integrity": "sha512-ZOQ+U8BYQZYgQosSFOc9Aljb9KLLuVKOX7Bk2Csh9O6rtTJGKWS4Ec6YsjHGpW+jvhDLuPLCuCb1bbL78md5Sw==",
			"requires": {
				"format-json-file": "npm:@volkovasystem/format-json-file@0.0.6"
			},
			"dependencies": {
				"format-json-file": {
					"version": "npm:@volkovasystem/format-json-file@0.0.6",
					"resolved": "https://registry.npmjs.org/@volkovasystem/format-json-file/-/format-json-file-0.0.6.tgz",
					"integrity": "sha512-jFjv2vV774n3L3yGiTTyvnIk3fDP7ZzNQSXd8Akf3NoKhG74iFiX6rB33ek64/kdza/GXwL6HUOZGjqEZ9YEqA=="
				}
			}
		}
	}
}
